# This file is automatically @generated by Cargo.
# It is not intended for manual editing.
version = 3

[[package]]
name = "autocfg"
version = "1.2.0"
source = "registry+https://github.com/rust-lang/crates.io-index"
checksum = "f1fdabc7756949593fe60f30ec81974b613357de856987752631dea1e3394c80"

[[package]]
name = "day_01"
version = "0.1.0"

[[package]]
name = "day_02"
version = "0.1.0"
dependencies = [
 "itertools",
]

[[package]]
name = "day_03"
version = "0.1.0"

[[package]]
name = "day_04"
version = "0.1.0"

[[package]]
name = "day_05"
version = "0.1.0"

[[package]]
name = "day_06"
version = "0.1.0"

[[package]]
name = "day_07"
version = "0.1.0"
dependencies = [
 "itertools",
]

[[package]]
name = "day_08"
version = "0.1.0"
dependencies = [
 "num-integer",
]

[[package]]
name = "day_09"
version = "0.1.0"

[[package]]
name = "day_10"
version = "0.1.0"

[[package]]
name = "day_11"
version = "0.1.0"

[[package]]
name = "either"
version = "1.10.0"
source = "registry+https://github.com/rust-lang/crates.io-index"
checksum = "11157ac094ffbdde99aa67b23417ebdd801842852b500e395a45a9c0aac03e4a"

[[package]]
name = "itertools"
version = "0.12.1"
source = "registry+https://github.com/rust-lang/crates.io-index"
checksum = "ba291022dbbd398a455acf126c1e341954079855bc60dfdda641363bd6922569"
dependencies = [
 "either",
]

[[package]]
name = "num-integer"
version = "0.1.46"
source = "registry+https://github.com/rust-lang/crates.io-index"
checksum = "7969661fd2958a5cb096e56c8e1ad0444ac2bbcd0061bd28660485a44879858f"
dependencies = [
 "num-traits",
]

[[package]]
name = "num-traits"
version = "0.2.18"
source = "registry+https://github.com/rust-lang/crates.io-index"
checksum = "da0df0e5185db44f69b44f26786fe401b6c293d1907744beaa7fa62b2e5a517a"
dependencies = [
 "autocfg",
]
